
Microsoft Visual Studio Solution File, Format Version 12.00
# Visual Studio Version 16
VisualStudioVersion = 16.0.29509.3
MinimumVisualStudioVersion = 10.0.40219.1
Project("{FAE04EC0-301F-11D3-BF4B-00C04F79EFBC}") = "OrchestraTuner", "OrchestraTuner\OrchestraTuner.csproj", "{AB48DD90-2912-4907-8C04-EF1FC0C101F1}"
EndProject
Global
	GlobalSection(SolutionConfigurationPlatforms) = preSolution
		Debug|Any CPU = Debug|Any CPU
		Release|Any CPU = Release|Any CPU
	EndGlobalSection
	GlobalSection(ProjectConfigurationPlatforms) = postSolution
		{AB48DD90-2912-4907-8C04-EF1FC0C101F1}.Debug|Any CPU.ActiveCfg = Debug|Any CPU
		{AB48DD90-2912-4907-8C04-EF1FC0C101F1}.Debug|Any CPU.Build.0 = Debug|Any CPU
		{AB48DD90-2912-4907-8C04-EF1FC0C101F1}.Release|Any CPU.ActiveCfg = Release|Any CPU
		{AB48DD90-2912-4907-8C04-EF1FC0C101F1}.Release|Any CPU.Build.0 = Release|Any CPU
	EndGlobalSection
	GlobalSection(SolutionProperties) = preSolution
		HideSolutionNode = FALSE
	EndGlobalSection
	GlobalSection(ExtensibilityGlobals) = postSolution
		SolutionGuid = {5AFD8CC6-9326-40B4-9B5A-6A455022DC3F}
	EndGlobalSection
EndGlobal
